[[package]]
name = "aio-pika"
version = "8.2.5"
description = "Wrapper for the aiormq for asyncio and humans."
category = "main"
optional = false
python-versions = ">3.6, <4"

[package.dependencies]
aiormq = ">=6.4.0,<6.5.0"
yarl = "*"

[package.extras]
develop = ["aiomisc (>=16.0,<17.0)", "coverage (!=4.3)", "coveralls", "pylava", "pyflakes (<2.5)", "pytest", "pytest-cov", "shortuuid", "nox", "sphinx", "sphinx-autobuild", "timeout-decorator", "tox (>=2.4)"]

[[package]]
name = "aiormq"
version = "6.4.2"
description = "Pure python AMQP asynchronous client library"
category = "main"
optional = false
python-versions = ">=3.7"

[package.dependencies]
pamqp = "3.2.1"
yarl = "*"

[package.extras]
develop = ["aiomisc (>=16.0,<17.0)", "coverage (!=4.3)", "coveralls", "pylava", "pytest", "pytest-cov", "tox (>=2.4)"]

[[package]]
name = "async-timeout"
version = "4.0.2"
description = "Timeout context manager for asyncio programs"
category = "main"
optional = false
python-versions = ">=3.6"

[[package]]
name = "idna"
version = "3.4"
description = "Internationalized Domain Names in Applications (IDNA)"
category = "main"
optional = false
python-versions = ">=3.5"

[[package]]
name = "multidict"
version = "6.0.2"
description = "multidict implementation"
category = "main"
optional = false
python-versions = ">=3.7"

[[package]]
name = "pamqp"
version = "3.2.1"
description = "RabbitMQ Focused AMQP low-level library"
category = "main"
optional = false
python-versions = ">=3.7"

[package.extras]
codegen = ["lxml", "requests", "yapf"]
testing = ["coverage", "flake8", "flake8-comprehensions", "flake8-deprecated", "flake8-import-order", "flake8-print", "flake8-quotes", "flake8-rst-docstrings", "flake8-tuple", "yapf"]

[[package]]
name = "yarl"
version = "1.8.1"
description = "Yet another URL library"
category = "main"
optional = false
python-versions = ">=3.7"

[package.dependencies]
idna = ">=2.0"
multidict = ">=4.0"

[metadata]
lock-version = "1.1"
python-versions = ">=3.10, <3.10.9"
content-hash = "0c7bd60c48df2bd34c6c47f5ddae6c2c726696c64e205dd3b4a3ca8cd51f8bb4"

[metadata.files]
aio-pika = []
aiormq = []
async-timeout = [
    {file = "async-timeout-4.0.2.tar.gz", hash = "sha256:2163e1640ddb52b7a8c80d0a67a08587e5d245cc9c553a74a847056bc2976b15"},
    {file = "async_timeout-4.0.2-py3-none-any.whl", hash = "sha256:8ca1e4fcf50d07413d66d1a5e416e42cfdf5851c981d679a09851a6853383b3c"},
]
idna = []
multidict = []
pamqp = []
yarl = []
